<Project xmlns="http://schemas.microsoft.com/developer/msbuild/2003">
    <PropertyGroup>
        <ProjectGuid>{605C75AC-974B-44E9-997A-211A42CE323E}</ProjectGuid>
        <MainSource>LINA_D_XE5.dpk</MainSource>
        <ProjectVersion>15.3</ProjectVersion>
        <FrameworkType>VCL</FrameworkType>
        <Base>True</Base>
        <Config Condition="'$(Config)'==''">Debug</Config>
        <Platform Condition="'$(Platform)'==''">Win32</Platform>
        <TargetedPlatforms>3</TargetedPlatforms>
        <AppType>Package</AppType>
    </PropertyGroup>
    <PropertyGroup Condition="'$(Config)'=='Base' or '$(Base)'!=''">
        <Base>true</Base>
    </PropertyGroup>
    <PropertyGroup Condition="('$(Platform)'=='OSX32' and '$(Base)'=='true') or '$(Base_OSX32)'!=''">
        <Base_OSX32>true</Base_OSX32>
        <CfgParent>Base</CfgParent>
        <Base>true</Base>
    </PropertyGroup>
    <PropertyGroup Condition="('$(Platform)'=='Win32' and '$(Base)'=='true') or '$(Base_Win32)'!=''">
        <Base_Win32>true</Base_Win32>
        <CfgParent>Base</CfgParent>
        <Base>true</Base>
    </PropertyGroup>
    <PropertyGroup Condition="('$(Platform)'=='Win64' and '$(Base)'=='true') or '$(Base_Win64)'!=''">
        <Base_Win64>true</Base_Win64>
        <CfgParent>Base</CfgParent>
        <Base>true</Base>
    </PropertyGroup>
    <PropertyGroup Condition="'$(Config)'=='Debug' or '$(Cfg_1)'!=''">
        <Cfg_1>true</Cfg_1>
        <CfgParent>Base</CfgParent>
        <Base>true</Base>
    </PropertyGroup>
    <PropertyGroup Condition="('$(Platform)'=='Win32' and '$(Cfg_1)'=='true') or '$(Cfg_1_Win32)'!=''">
        <Cfg_1_Win32>true</Cfg_1_Win32>
        <CfgParent>Cfg_1</CfgParent>
        <Cfg_1>true</Cfg_1>
        <Base>true</Base>
    </PropertyGroup>
    <PropertyGroup Condition="('$(Platform)'=='Win64' and '$(Cfg_1)'=='true') or '$(Cfg_1_Win64)'!=''">
        <Cfg_1_Win64>true</Cfg_1_Win64>
        <CfgParent>Cfg_1</CfgParent>
        <Cfg_1>true</Cfg_1>
        <Base>true</Base>
    </PropertyGroup>
    <PropertyGroup Condition="'$(Config)'=='Release' or '$(Cfg_2)'!=''">
        <Cfg_2>true</Cfg_2>
        <CfgParent>Base</CfgParent>
        <Base>true</Base>
    </PropertyGroup>
    <PropertyGroup Condition="('$(Platform)'=='Win32' and '$(Cfg_2)'=='true') or '$(Cfg_2_Win32)'!=''">
        <Cfg_2_Win32>true</Cfg_2_Win32>
        <CfgParent>Cfg_2</CfgParent>
        <Cfg_2>true</Cfg_2>
        <Base>true</Base>
    </PropertyGroup>
    <PropertyGroup Condition="'$(Base)'!=''">
        <VerInfo_Keys>CompanyName=Dennis Göhlert a.o.;FileDescription=Lina Components;FileVersion=1.0.0.0;InternalName=;LegalCopyright=2014;LegalTrademarks=;OriginalFilename=;ProductName=;ProductVersion=1.0.0.0;Comments=</VerInfo_Keys>
        <VerInfo_Locale>1031</VerInfo_Locale>
        <DCC_CBuilderOutput>All</DCC_CBuilderOutput>
        <GenDll>true</GenDll>
        <DCC_Namespace>System;Xml;Data;Datasnap;Web;Soap;Vcl;Vcl.Imaging;Vcl.Touch;Vcl.Samples;Vcl.Shell;$(DCC_Namespace)</DCC_Namespace>
        <GenPackage>true</GenPackage>
        <DCC_DcuOutput>..\..\Source\Compiled\Delphi_XE5</DCC_DcuOutput>
        <DCC_ExeOutput>.\$(Platform)\$(Config)</DCC_ExeOutput>
        <DCC_E>false</DCC_E>
        <DCC_N>false</DCC_N>
        <DCC_S>false</DCC_S>
        <DCC_F>false</DCC_F>
        <DCC_K>false</DCC_K>
    </PropertyGroup>
    <PropertyGroup Condition="'$(Base_OSX32)'!=''">
        <DCC_UsePackage>rtl;dbrtl;IndySystem;IndyProtocols;IndyCore;$(DCC_UsePackage)</DCC_UsePackage>
    </PropertyGroup>
    <PropertyGroup Condition="'$(Base_Win32)'!=''">
        <DCC_UsePackage>rtl;vcl;dbrtl;IndySystem;IndyProtocols;IndyCore;vclx;$(DCC_UsePackage)</DCC_UsePackage>
        <VerInfo_IncludeVerInfo>true</VerInfo_IncludeVerInfo>
        <DCC_Namespace>Winapi;System.Win;Data.Win;Datasnap.Win;Web.Win;Soap.Win;Xml.Win;Bde;$(DCC_Namespace)</DCC_Namespace>
        <VerInfo_Keys>CompanyName=;FileDescription=;FileVersion=1.0.0.0;InternalName=;LegalCopyright=;LegalTrademarks=;OriginalFilename=;ProductName=;ProductVersion=1.0.0.0;Comments=</VerInfo_Keys>
        <VerInfo_Locale>1033</VerInfo_Locale>
    </PropertyGroup>
    <PropertyGroup Condition="'$(Base_Win64)'!=''">
        <DCC_UsePackage>rtl;vcl;dbrtl;IndySystem;IndyProtocols;IndyCore;vclx;$(DCC_UsePackage)</DCC_UsePackage>
        <VerInfo_Keys>CompanyName=;FileDescription=;FileVersion=1.0.0.0;InternalName=;LegalCopyright=;LegalTrademarks=;OriginalFilename=;ProductName=;ProductVersion=1.0.0.0;Comments=</VerInfo_Keys>
        <VerInfo_Locale>1033</VerInfo_Locale>
        <VerInfo_IncludeVerInfo>true</VerInfo_IncludeVerInfo>
        <DCC_Namespace>Winapi;System.Win;Data.Win;Datasnap.Win;Web.Win;Soap.Win;Xml.Win;$(DCC_Namespace)</DCC_Namespace>
    </PropertyGroup>
    <PropertyGroup Condition="'$(Cfg_1)'!=''">
        <DCC_MapFile>3</DCC_MapFile>
        <DCC_Define>DEBUG;$(DCC_Define)</DCC_Define>
        <DCC_DebugDCUs>true</DCC_DebugDCUs>
        <DCC_Optimize>false</DCC_Optimize>
        <DCC_GenerateStackFrames>true</DCC_GenerateStackFrames>
        <DCC_DebugInfoInExe>true</DCC_DebugInfoInExe>
        <DCC_RemoteDebug>true</DCC_RemoteDebug>
    </PropertyGroup>
    <PropertyGroup Condition="'$(Cfg_1_Win32)'!=''">
        <VerInfo_Keys>CompanyName=;FileDescription=;FileVersion=1.0.0.0;InternalName=;LegalCopyright=;LegalTrademarks=;OriginalFilename=;ProductName=;ProductVersion=1.0.0.0;Comments=</VerInfo_Keys>
        <DCC_AdditionalSwitches>-LUDesignIDE</DCC_AdditionalSwitches>
        <VerInfo_Locale>1033</VerInfo_Locale>
        <VerInfo_IncludeVerInfo>true</VerInfo_IncludeVerInfo>
        <DCC_Description>Lina Components</DCC_Description>
    </PropertyGroup>
    <PropertyGroup Condition="'$(Cfg_1_Win64)'!=''">
        <VerInfo_IncludeVerInfo>true</VerInfo_IncludeVerInfo>
        <VerInfo_Locale>1033</VerInfo_Locale>
        <VerInfo_Keys>CompanyName=;FileDescription=;FileVersion=1.0.0.0;InternalName=;LegalCopyright=;LegalTrademarks=;OriginalFilename=;ProductName=;ProductVersion=1.0.0.0;Comments=</VerInfo_Keys>
    </PropertyGroup>
    <PropertyGroup Condition="'$(Cfg_2)'!=''">
        <DCC_LocalDebugSymbols>false</DCC_LocalDebugSymbols>
        <DCC_Define>RELEASE;$(DCC_Define)</DCC_Define>
        <DCC_SymbolReferenceInfo>0</DCC_SymbolReferenceInfo>
        <DCC_DebugInformation>0</DCC_DebugInformation>
    </PropertyGroup>
    <PropertyGroup Condition="'$(Cfg_2_Win32)'!=''">
        <VerInfo_IncludeVerInfo>true</VerInfo_IncludeVerInfo>
        <VerInfo_Locale>1033</VerInfo_Locale>
        <VerInfo_Keys>CompanyName=;FileDescription=;FileVersion=1.0.0.0;InternalName=;LegalCopyright=;LegalTrademarks=;OriginalFilename=;ProductName=;ProductVersion=1.0.0.0;Comments=</VerInfo_Keys>
    </PropertyGroup>
    <ItemGroup>
        <DelphiCompile Include="$(MainSource)">
            <MainSource>MainSource</MainSource>
        </DelphiCompile>
        <DCCReference Include="..\..\Resource\Compiled\LINA.dcr"/>
        <DCCReference Include="..\..\Resource\Compiled\uAdvCtrls.dcr"/>
        <DCCReference Include="..\..\Resource\Compiled\uCalc.dcr"/>
        <DCCReference Include="..\..\Resource\Compiled\uSysCtrls.dcr"/>
        <DCCReference Include="..\..\Resource\Compiled\uFileCtrls.dcr"/>
        <DCCReference Include="..\..\Resource\Compiled\uFrmCtrls.dcr"/>
        <DCCReference Include="..\..\Resource\Compiled\uLocalMgr.dcr"/>
        <DCCReference Include="..\..\Resource\Compiled\uScriptMgr.dcr"/>
        <DCCReference Include="..\..\Resource\Compiled\uVirtObj.dcr"/>
        <DCCReference Include="..\..\Resource\Compiled\uWebCtrls.dcr"/>
        <DCCReference Include="rtl.dcp"/>
        <DCCReference Include="vcl.dcp"/>
        <DCCReference Include="vclx.dcp"/>
        <DCCReference Include="..\..\Source\uBase.pas"/>
        <DCCReference Include="..\..\Source\uSysCtrls.pas"/>
        <DCCReference Include="..\..\Source\uFileTools.pas"/>
        <DCCReference Include="..\..\Source\uFrmCtrls.pas"/>
        <DCCReference Include="..\..\Source\uLocalMgr.pas"/>
        <DCCReference Include="..\..\Source\uSysTools.pas"/>
        <DCCReference Include="..\..\Source\uVirtObj.pas"/>
        <DCCReference Include="..\..\Source\uAdvCtrls.pas"/>
        <DCCReference Include="..\..\Source\uWebCtrls.pas"/>
        <DCCReference Include="..\..\Source\uFileCtrls.pas"/>
        <DCCReference Include="..\..\Source\uInit.pas"/>
        <DCCReference Include="..\..\Source\uCalc.pas"/>
        <None Include="..\..\Source\Config.inc"/>
        <BuildConfiguration Include="Release">
            <Key>Cfg_2</Key>
            <CfgParent>Base</CfgParent>
        </BuildConfiguration>
        <BuildConfiguration Include="Base">
            <Key>Base</Key>
        </BuildConfiguration>
        <BuildConfiguration Include="Debug">
            <Key>Cfg_1</Key>
            <CfgParent>Base</CfgParent>
        </BuildConfiguration>
    </ItemGroup>
    <ProjectExtensions>
        <Borland.Personality>Delphi.Personality.12</Borland.Personality>
        <Borland.ProjectType>Package</Borland.ProjectType>
        <BorlandProject>
            <Delphi.Personality>
                <VersionInfo>
                    <VersionInfo Name="IncludeVerInfo">True</VersionInfo>
                    <VersionInfo Name="AutoIncBuild">False</VersionInfo>
                    <VersionInfo Name="MajorVer">1</VersionInfo>
                    <VersionInfo Name="MinorVer">0</VersionInfo>
                    <VersionInfo Name="Release">0</VersionInfo>
                    <VersionInfo Name="Build">0</VersionInfo>
                    <VersionInfo Name="Debug">False</VersionInfo>
                    <VersionInfo Name="PreRelease">False</VersionInfo>
                    <VersionInfo Name="Special">False</VersionInfo>
                    <VersionInfo Name="Private">False</VersionInfo>
                    <VersionInfo Name="DLL">False</VersionInfo>
                    <VersionInfo Name="Locale">1031</VersionInfo>
                    <VersionInfo Name="CodePage">1252</VersionInfo>
                </VersionInfo>
                <VersionInfoKeys>
                    <VersionInfoKeys Name="CompanyName"/>
                    <VersionInfoKeys Name="FileDescription"/>
                    <VersionInfoKeys Name="FileVersion">1.0.0.0</VersionInfoKeys>
                    <VersionInfoKeys Name="InternalName"/>
                    <VersionInfoKeys Name="LegalCopyright"/>
                    <VersionInfoKeys Name="LegalTrademarks"/>
                    <VersionInfoKeys Name="OriginalFilename"/>
                    <VersionInfoKeys Name="ProductName"/>
                    <VersionInfoKeys Name="ProductVersion">1.0.0.0</VersionInfoKeys>
                    <VersionInfoKeys Name="Comments"/>
                    <VersionInfoKeys Name="CFBundleName"/>
                    <VersionInfoKeys Name="CFBundleDisplayName"/>
                    <VersionInfoKeys Name="UIDeviceFamily"/>
                    <VersionInfoKeys Name="CFBundleIdentifier"/>
                    <VersionInfoKeys Name="CFBundleVersion"/>
                    <VersionInfoKeys Name="CFBundlePackageType"/>
                    <VersionInfoKeys Name="CFBundleSignature"/>
                    <VersionInfoKeys Name="CFBundleAllowMixedLocalizations"/>
                    <VersionInfoKeys Name="UISupportedInterfaceOrientations"/>
                    <VersionInfoKeys Name="CFBundleExecutable"/>
                    <VersionInfoKeys Name="CFBundleResourceSpecification"/>
                    <VersionInfoKeys Name="LSRequiresIPhoneOS"/>
                    <VersionInfoKeys Name="CFBundleInfoDictionaryVersion"/>
                    <VersionInfoKeys Name="CFBundleDevelopmentRegion"/>
                    <VersionInfoKeys Name="package"/>
                    <VersionInfoKeys Name="label"/>
                    <VersionInfoKeys Name="versionCode"/>
                    <VersionInfoKeys Name="versionName"/>
                    <VersionInfoKeys Name="persistent"/>
                    <VersionInfoKeys Name="restoreAnyVersion"/>
                    <VersionInfoKeys Name="installLocation"/>
                    <VersionInfoKeys Name="largeHeap"/>
                    <VersionInfoKeys Name="theme"/>
                </VersionInfoKeys>
                <Source>
                    <Source Name="MainSource">LINA_D_XE5.dpk</Source>
                </Source>
                <Excluded_Packages>
                    <Excluded_Packages Name="$(BDSBIN)\bindengine190.bpl">Embarcadero LiveBindings-Laufzeit-Package</Excluded_Packages>
                    <Excluded_Packages Name="$(BDSBIN)\bindcomp190.bpl">Komponenten für Datenbindungsausdrücke</Excluded_Packages>
                    <Excluded_Packages Name="$(BDSBIN)\FireDACPgDriver190.bpl">Embarcadero FireDAC PostgreSQL Driver Components</Excluded_Packages>
                    <Excluded_Packages Name="$(BDSBIN)\FireDACCommonDriver190.bpl">Embarcadero FireDAC Common Driver Components</Excluded_Packages>
                    <Excluded_Packages Name="$(BDSBIN)\FireDACCommon190.bpl">Embarcadero FireDAC - Allgemeine Komponenten</Excluded_Packages>
                    <Excluded_Packages Name="$(BDSBIN)\FireDACASADriver190.bpl">Embarcadero FireDAC ASA Driver Components</Excluded_Packages>
                    <Excluded_Packages Name="$(BDSBIN)\FireDACODBCDriver190.bpl">Embarcadero FireDAC ODBC Driver Components</Excluded_Packages>
                    <Excluded_Packages Name="$(BDSBIN)\FireDACMSAccDriver190.bpl">Embarcadero FireDAC MS Access Driver Components</Excluded_Packages>
                    <Excluded_Packages Name="$(BDSBIN)\FireDACIBDriver190.bpl">Embarcadero FireDAC IB Driver Components</Excluded_Packages>
                    <Excluded_Packages Name="$(BDSBIN)\FireDACMySQLDriver190.bpl">Embarcadero FireDAC MySQL Driver Components</Excluded_Packages>
                    <Excluded_Packages Name="$(BDSBIN)\FireDACSqliteDriver190.bpl">Embarcadero FireDAC Sqlite Driver Components</Excluded_Packages>
                    <Excluded_Packages Name="$(BDSBIN)\FireDACADSDriver190.bpl">Embarcadero FireDAC ADS Driver Components</Excluded_Packages>
                    <Excluded_Packages Name="$(BDSBIN)\vclFireDAC190.bpl">Embarcadero FireDAC - VCL-Formularkomponenten</Excluded_Packages>
                    <Excluded_Packages Name="$(BDSBIN)\FireDAC190.bpl">Embarcadero FireDAC-Datenbankkomponenten</Excluded_Packages>
                    <Excluded_Packages Name="$(BDSBIN)\vcldb190.bpl">Embarcadero Datenbankkomponenten</Excluded_Packages>
                    <Excluded_Packages Name="$(BDSBIN)\vcldsnap190.bpl">Embarcadero VCL-DataSnap-Komponenten</Excluded_Packages>
                    <Excluded_Packages Name="$(BDSBIN)\inetdbbde190.bpl">(Unbenannt)</Excluded_Packages>
                    <Excluded_Packages Name="$(BDSBIN)\inetdb190.bpl">Embarcadero Internet/World Wide Web-Datenbankkomponenten</Excluded_Packages>
                    <Excluded_Packages Name="$(BDSBIN)\bdertl190.bpl">Embarcadero BDE-Datenbankkomponenten</Excluded_Packages>
                    <Excluded_Packages Name="$(BDSBIN)\inetdbxpress190.bpl">(Unbenannt)</Excluded_Packages>
                    <Excluded_Packages Name="$(BDSBIN)\DBXInterBaseDriver190.bpl">Embarcadero InterBase Client</Excluded_Packages>
                    <Excluded_Packages Name="$(BDSBIN)\dbxcds190.bpl">Embarcadero SimpleDataSet-Komponente (DBX)</Excluded_Packages>
                    <Excluded_Packages Name="$(BDSBIN)\IndyCore190.bpl">Indy 10 Core</Excluded_Packages>
                    <Excluded_Packages Name="$(BDSBIN)\IndySystem190.bpl">Indy 10-System</Excluded_Packages>
                    <Excluded_Packages Name="$(BDSBIN)\IndyProtocols190.bpl">Indy 10-Protokolle</Excluded_Packages>
                    <Excluded_Packages Name="$(BDSBIN)\adortl190.bpl">Embarcadero ADO-Datenbankkomponenten</Excluded_Packages>
                    <Excluded_Packages Name="$(BDSBIN)\fmxFireDAC190.bpl">Embarcadero FireDAC FMX Forms Components</Excluded_Packages>
                    <Excluded_Packages Name="$(BDSBIN)\fmxobj190.bpl">Embarcadero FMX OBJ Import Library</Excluded_Packages>
                    <Excluded_Packages Name="$(BDSBIN)\fmxdae190.bpl">Embarcadero FMX DAE Import Library</Excluded_Packages>
                    <Excluded_Packages Name="$(BDSBIN)\fmxase190.bpl">Embarcadero FMX ASE Import Library</Excluded_Packages>
                    <Excluded_Packages Name="$(BDSBIN)\VclSmp190.bpl">Embarcadero Beispielkomponenten</Excluded_Packages>
                    <Excluded_Packages Name="$(BDSBIN)\svnui190.bpl">Benutzerschnittstellencode für die Subversion-Integration</Excluded_Packages>
                    <Excluded_Packages Name="$(BDSBIN)\svn190.bpl">Subversion-Integration</Excluded_Packages>
                    <Excluded_Packages Name="$(BDSBIN)\bindcompfmx190.bpl">Embarcadero LiveBindings-Komponenten FireMonkey</Excluded_Packages>
                    <Excluded_Packages Name="$(BDSBIN)\bindcompvcl190.bpl">Embarcadero LiveBindings-Komponenten VCL</Excluded_Packages>
                    <Excluded_Packages Name="$(BDSBIN)\MetropolisUILiveTile190.bpl">Embarcadero Metropolis-UI Komponentenbibliothek für Live-Kacheln</Excluded_Packages>
                    <Excluded_Packages Name="$(BDSBIN)\vcltouch190.bpl">Embarcadero Touch VCL-Komponenten</Excluded_Packages>
                    <Excluded_Packages Name="$(BDSBIN)\vclib190.bpl">Embarcadero InterBase Express VCL-Steuerelemente</Excluded_Packages>
                    <Excluded_Packages Name="$(BDSBIN)\ibxpress190.bpl">Embarcadero InterBase Express-Komponenten</Excluded_Packages>
                    <Excluded_Packages Name="$(BDSBIN)\vclribbon190.bpl">Embarcadero Ribbon-Komponenten</Excluded_Packages>
                    <Excluded_Packages Name="$(BDSBIN)\IndyIPClient190.bpl">Embarcadero IP Indy Client Implementation</Excluded_Packages>
                    <Excluded_Packages Name="$(BDSBIN)\IndyIPCommon190.bpl">Embarcadero IP Indy Common Implementation</Excluded_Packages>
                    <Excluded_Packages Name="$(BDSBIN)\IndyIPServer190.bpl">Embarcadero IP Indy Server Implementation</Excluded_Packages>
                    <Excluded_Packages Name="$(BDSBIN)\VCLRESTComponents190.bpl">Embarcadero REST Client Components VCL</Excluded_Packages>
                    <Excluded_Packages Name="$(BDSBIN)\RESTComponents190.bpl">Embarcadero REST-Client-Komponenten</Excluded_Packages>
                    <Excluded_Packages Name="$(BDSBIN)\bindcompdbx190.bpl">Data Binding Expression Components DBExpress</Excluded_Packages>
                    <Excluded_Packages Name="$(BDSBIN)\CloudService190.bpl">Embarcadero Cloud-Komponenten</Excluded_Packages>
                    <Excluded_Packages Name="$(BDSBIN)\dsnapcon190.bpl">Embarcadero DataSnap-Verbindungskomponenten</Excluded_Packages>
                    <Excluded_Packages Name="$(BDSBIN)\Intraweb_140_190.bpl">IntraWeb 14.0 Runtime Package for RAD Studio XE3</Excluded_Packages>
                    <Excluded_Packages Name="$(BDSBIN)\vcldbx190.bpl">Embarcadero Kompatibilitäts-Datenbankkomponenten</Excluded_Packages>
                    <Excluded_Packages Name="$(BDSBIN)\webdsnap190.bpl">Embarcadero InternetExpress Components</Excluded_Packages>
                    <Excluded_Packages Name="$(BDSBIN)\office2K190.bpl">(Unbenannt)</Excluded_Packages>
                    <Excluded_Packages Name="$(BDSBIN)\dcloffice2k190.bpl">Microsoft Office 2000 Beispiele für gekapselte Komponenten für Automatisierungsserver</Excluded_Packages>
                    <Excluded_Packages Name="$(BDSBIN)\DBXSqliteDriver190.bpl">Embarcadero Sqlite-Client</Excluded_Packages>
                    <Excluded_Packages Name="$(BDSBIN)\DBXMySQLDriver190.bpl">Embarcadero MySQL Client</Excluded_Packages>
                    <Excluded_Packages Name="$(BDSBIN)\vclshlctrls190.bpl">Win32 Shell Steuerelemente</Excluded_Packages>
                    <Excluded_Packages Name="$(BDSBIN)\dclDBXDrivers190.bpl">Embarcadero Treiberkomponenten</Excluded_Packages>
                    <Excluded_Packages Name="$(BDSBIN)\dclDBXDriversInt190.bpl">Embarcadero Intro-Treiberkomponenten</Excluded_Packages>
                    <Excluded_Packages Name="$(BDSBIN)\DataExplorerDBXPlugin190.bpl">DBExpress Daten-Explorer-Integration</Excluded_Packages>
                    <Excluded_Packages Name="$(BDSBIN)\dclofficexp190.bpl">Microsoft Office XP Beispiele für gekapselte Komponenten für Automation Server</Excluded_Packages>
                </Excluded_Packages>
            </Delphi.Personality>
            <Deployment/>
            <Platforms>
                <Platform value="OSX32">False</Platform>
                <Platform value="Win32">True</Platform>
                <Platform value="Win64">True</Platform>
            </Platforms>
        </BorlandProject>
        <ProjectFileVersion>12</ProjectFileVersion>
    </ProjectExtensions>
    <Import Project="$(BDS)\Bin\CodeGear.Delphi.Targets" Condition="Exists('$(BDS)\Bin\CodeGear.Delphi.Targets')"/>
    <Import Project="$(APPDATA)\Embarcadero\$(BDSAPPDATABASEDIR)\$(PRODUCTVERSION)\UserTools.proj" Condition="Exists('$(APPDATA)\Embarcadero\$(BDSAPPDATABASEDIR)\$(PRODUCTVERSION)\UserTools.proj')"/>
</Project>
